
Microsoft Visual Studio Solution File, Format Version 12.00
# Visual Studio Version 16
VisualStudioVersion = 16.0.30204.135
MinimumVisualStudioVersion = 10.0.40219.1
Project("{FAE04EC0-301F-11D3-BF4B-00C04F79EFBC}") = "FarmCord", "FarmCord.csproj", "{ECC00CCE-9A7C-4448-8B30-B1D8E3A3CE8E}"
EndProject
Global
	GlobalSection(SolutionConfigurationPlatforms) = preSolution
		Debug|Any CPU = Debug|Any CPU
		Release|Any CPU = Release|Any CPU
	EndGlobalSection
	GlobalSection(ProjectConfigurationPlatforms) = postSolution
		{ECC00CCE-9A7C-4448-8B30-B1D8E3A3CE8E}.Debug|Any CPU.ActiveCfg = Debug|Any CPU
		{ECC00CCE-9A7C-4448-8B30-B1D8E3A3CE8E}.Debug|Any CPU.Build.0 = Debug|Any CPU
		{ECC00CCE-9A7C-4448-8B30-B1D8E3A3CE8E}.Release|Any CPU.ActiveCfg = Release|Any CPU
		{ECC00CCE-9A7C-4448-8B30-B1D8E3A3CE8E}.Release|Any CPU.Build.0 = Release|Any CPU
	EndGlobalSection
	GlobalSection(SolutionProperties) = preSolution
		HideSolutionNode = FALSE
	EndGlobalSection
	GlobalSection(ExtensibilityGlobals) = postSolution
		SolutionGuid = {AC220ED1-36E3-4510-9601-0830A32B098D}
	EndGlobalSection
EndGlobal
